
Microsoft Visual Studio Solution File, Format Version 12.00
# Visual Studio Version 17
VisualStudioVersion = 17.9.34723.18
MinimumVisualStudioVersion = 10.0.40219.1
Project("{FAE04EC0-301F-11D3-BF4B-00C04F79EFBC}") = "GenericBackoffice", "GenericBackoffice.csproj", "{7F5362E7-A6B4-4DC6-9685-291467FFAF08}"
EndProject
Global
	GlobalSection(SolutionConfigurationPlatforms) = preSolution
		Debug|Any CPU = Debug|Any CPU
		Release|Any CPU = Release|Any CPU
	EndGlobalSection
	GlobalSection(ProjectConfigurationPlatforms) = postSolution
		{7F5362E7-A6B4-4DC6-9685-291467FFAF08}.Debug|Any CPU.ActiveCfg = Debug|Any CPU
		{7F5362E7-A6B4-4DC6-9685-291467FFAF08}.Debug|Any CPU.Build.0 = Debug|Any CPU
		{7F5362E7-A6B4-4DC6-9685-291467FFAF08}.Release|Any CPU.ActiveCfg = Release|Any CPU
		{7F5362E7-A6B4-4DC6-9685-291467FFAF08}.Release|Any CPU.Build.0 = Release|Any CPU
	EndGlobalSection
	GlobalSection(SolutionProperties) = preSolution
		HideSolutionNode = FALSE
	EndGlobalSection
	GlobalSection(ExtensibilityGlobals) = postSolution
		SolutionGuid = {8C73CDDF-841F-487E-8395-8EDE6C8B0908}
	EndGlobalSection
EndGlobal
